
Microsoft Visual Studio Solution File, Format Version 12.00
# Visual Studio Version 16
VisualStudioVersion = 16.0.29609.76
MinimumVisualStudioVersion = 10.0.40219.1
Project("{8BC9CEB8-8B4A-11D0-8D11-00A0C91BC942}") = "gameJam1", "gameJam1.vcxproj", "{9687378E-FBF6-47CA-84F6-9955533256DB}"
EndProject
Global
	GlobalSection(SolutionConfigurationPlatforms) = preSolution
		Debug|x64 = Debug|x64
		Debug|x86 = Debug|x86
		Release|x64 = Release|x64
		Release|x86 = Release|x86
	EndGlobalSection
	GlobalSection(ProjectConfigurationPlatforms) = postSolution
		{9687378E-FBF6-47CA-84F6-9955533256DB}.Debug|x64.ActiveCfg = Debug|x64
		{9687378E-FBF6-47CA-84F6-9955533256DB}.Debug|x64.Build.0 = Debug|x64
		{9687378E-FBF6-47CA-84F6-9955533256DB}.Debug|x86.ActiveCfg = Debug|Win32
		{9687378E-FBF6-47CA-84F6-9955533256DB}.Debug|x86.Build.0 = Debug|Win32
		{9687378E-FBF6-47CA-84F6-9955533256DB}.Release|x64.ActiveCfg = Release|x64
		{9687378E-FBF6-47CA-84F6-9955533256DB}.Release|x64.Build.0 = Release|x64
		{9687378E-FBF6-47CA-84F6-9955533256DB}.Release|x86.ActiveCfg = Release|Win32
		{9687378E-FBF6-47CA-84F6-9955533256DB}.Release|x86.Build.0 = Release|Win32
	EndGlobalSection
	GlobalSection(SolutionProperties) = preSolution
		HideSolutionNode = FALSE
	EndGlobalSection
	GlobalSection(ExtensibilityGlobals) = postSolution
		SolutionGuid = {2CB06CE9-4FB2-4D72-8E34-6ECFE0D98F4A}
	EndGlobalSection
EndGlobal
